
Microsoft Visual Studio Solution File, Format Version 12.00
# Visual Studio Version 17
VisualStudioVersion = 17.3.32929.385
MinimumVisualStudioVersion = 10.0.40219.1
Project("{FAE04EC0-301F-11D3-BF4B-00C04F79EFBC}") = "Maui_Icons", "Maui_Icons.csproj", "{FC44D97F-ACA2-490C-B10A-1CF6C8DE0F54}"
EndProject
Global
	GlobalSection(SolutionConfigurationPlatforms) = preSolution
		Debug|Any CPU = Debug|Any CPU
		Release|Any CPU = Release|Any CPU
	EndGlobalSection
	GlobalSection(ProjectConfigurationPlatforms) = postSolution
		{FC44D97F-ACA2-490C-B10A-1CF6C8DE0F54}.Debug|Any CPU.ActiveCfg = Debug|Any CPU
		{FC44D97F-ACA2-490C-B10A-1CF6C8DE0F54}.Debug|Any CPU.Build.0 = Debug|Any CPU
		{FC44D97F-ACA2-490C-B10A-1CF6C8DE0F54}.Release|Any CPU.ActiveCfg = Release|Any CPU
		{FC44D97F-ACA2-490C-B10A-1CF6C8DE0F54}.Release|Any CPU.Build.0 = Release|Any CPU
	EndGlobalSection
	GlobalSection(SolutionProperties) = preSolution
		HideSolutionNode = FALSE
	EndGlobalSection
	GlobalSection(ExtensibilityGlobals) = postSolution
		SolutionGuid = {6D832FA5-EFAA-40C9-87B6-CED7BFBCD5AB}
	EndGlobalSection
EndGlobal
