
Microsoft Visual Studio Solution File, Format Version 12.00
# Visual Studio Version 17
VisualStudioVersion = 17.3.32929.385
MinimumVisualStudioVersion = 10.0.40219.1
Project("{9A19103F-16F7-4668-BE54-9A1E7A4F7556}") = "MauiIcons.Core", "MauiIcons.Core\MauiIcons.Core.csproj", "{FC44D97F-ACA2-490C-B10A-1CF6C8DE0F54}"
EndProject
Project("{9A19103F-16F7-4668-BE54-9A1E7A4F7556}") = "MauiIcons.Sample", "..\samples\MauiIcons.Sample\MauiIcons.Sample.csproj", "{54DA6251-0371-4AD2-94D7-4C72185BE132}"
EndProject
Project("{9A19103F-16F7-4668-BE54-9A1E7A4F7556}") = "MauiIcons.SegoeFluent", "MauiIcons.SegoeFluent\MauiIcons.SegoeFluent.csproj", "{C9952ACC-5F56-4147-A866-66738C9F6CB4}"
EndProject
Project("{9A19103F-16F7-4668-BE54-9A1E7A4F7556}") = "MauiIcons.Material", "MauiIcons.Material\MauiIcons.Material.csproj", "{A9916AF9-0BA4-4E99-A3DC-DFC389DF5071}"
EndProject
Project("{9A19103F-16F7-4668-BE54-9A1E7A4F7556}") = "MauiIcons.Fluent", "MauiIcons.Fluent\MauiIcons.Fluent.csproj", "{0D3A4D31-E182-418C-9A01-0868FB5BC475}"
EndProject
Project("{9A19103F-16F7-4668-BE54-9A1E7A4F7556}") = "MauiIcons.Fluent.Filled", "MauiIcons.Fluent.Filled\MauiIcons.Fluent.Filled.csproj", "{E62E2357-9EF0-4A5C-9A04-84B440881120}"
EndProject
Project("{9A19103F-16F7-4668-BE54-9A1E7A4F7556}") = "MauiIcons.Cupertino", "MauiIcons.Cupertino\MauiIcons.Cupertino.csproj", "{1535A68E-A148-4CBE-8C8D-68E4A2B272A0}"
EndProject
Project("{2150E333-8FDC-42A3-9474-1A3956D46DE8}") = "BuildPropeties", "BuildPropeties", "{0A4F69FA-00E1-4407-862E-FDAD5E39B105}"
	ProjectSection(SolutionItems) = preProject
		Directory.Build.props = Directory.Build.props
	EndProjectSection
EndProject
Project("{2150E333-8FDC-42A3-9474-1A3956D46DE8}") = "Samples", "Samples", "{FB8F9610-4B7C-4E1E-A204-DC5E63EE367F}"
EndProject
Project("{2150E333-8FDC-42A3-9474-1A3956D46DE8}") = "Source", "Source", "{42B0AAF7-245C-47BE-86EB-08250E5ED2A4}"
EndProject
Project("{9A19103F-16F7-4668-BE54-9A1E7A4F7556}") = "MauiIcons.Material.Outlined", "MauiIcons.Material.Outlined\MauiIcons.Material.Outlined.csproj", "{85F4F9AB-83F0-4672-A624-379862359AAB}"
EndProject
Project("{9A19103F-16F7-4668-BE54-9A1E7A4F7556}") = "MauiIcons.Material.Rounded", "MauiIcons.Material.Rounded\MauiIcons.Material.Rounded.csproj", "{D8A2192B-8F77-46FD-824F-C52C53327786}"
EndProject
Project("{9A19103F-16F7-4668-BE54-9A1E7A4F7556}") = "MauiIcons.Material.Sharp", "MauiIcons.Material.Sharp\MauiIcons.Material.Sharp.csproj", "{99EF8257-3290-4877-98EB-BB445E193192}"
EndProject
Project("{2150E333-8FDC-42A3-9474-1A3956D46DE8}") = "Tests", "Tests", "{83957CA1-BCBE-4744-BDE7-D0EF877B99C3}"
EndProject
Project("{FAE04EC0-301F-11D3-BF4B-00C04F79EFBC}") = "MauiIcons.Cupertino.UnitTest", "MauiIcons.Cupertino.UnitTest\MauiIcons.Cupertino.UnitTest.csproj", "{4932175B-3C62-47AB-819E-FD22A18DEF9A}"
EndProject
Global
	GlobalSection(SolutionConfigurationPlatforms) = preSolution
		Debug|Any CPU = Debug|Any CPU
		Release|Any CPU = Release|Any CPU
	EndGlobalSection
	GlobalSection(ProjectConfigurationPlatforms) = postSolution
		{FC44D97F-ACA2-490C-B10A-1CF6C8DE0F54}.Debug|Any CPU.ActiveCfg = Debug|Any CPU
		{FC44D97F-ACA2-490C-B10A-1CF6C8DE0F54}.Debug|Any CPU.Build.0 = Debug|Any CPU
		{FC44D97F-ACA2-490C-B10A-1CF6C8DE0F54}.Release|Any CPU.ActiveCfg = Release|Any CPU
		{FC44D97F-ACA2-490C-B10A-1CF6C8DE0F54}.Release|Any CPU.Build.0 = Release|Any CPU
		{54DA6251-0371-4AD2-94D7-4C72185BE132}.Debug|Any CPU.ActiveCfg = Debug|Any CPU
		{54DA6251-0371-4AD2-94D7-4C72185BE132}.Debug|Any CPU.Build.0 = Debug|Any CPU
		{54DA6251-0371-4AD2-94D7-4C72185BE132}.Debug|Any CPU.Deploy.0 = Debug|Any CPU
		{54DA6251-0371-4AD2-94D7-4C72185BE132}.Release|Any CPU.ActiveCfg = Release|Any CPU
		{54DA6251-0371-4AD2-94D7-4C72185BE132}.Release|Any CPU.Build.0 = Release|Any CPU
		{54DA6251-0371-4AD2-94D7-4C72185BE132}.Release|Any CPU.Deploy.0 = Release|Any CPU
		{C9952ACC-5F56-4147-A866-66738C9F6CB4}.Debug|Any CPU.ActiveCfg = Debug|Any CPU
		{C9952ACC-5F56-4147-A866-66738C9F6CB4}.Debug|Any CPU.Build.0 = Debug|Any CPU
		{C9952ACC-5F56-4147-A866-66738C9F6CB4}.Release|Any CPU.ActiveCfg = Release|Any CPU
		{C9952ACC-5F56-4147-A866-66738C9F6CB4}.Release|Any CPU.Build.0 = Release|Any CPU
		{A9916AF9-0BA4-4E99-A3DC-DFC389DF5071}.Debug|Any CPU.ActiveCfg = Debug|Any CPU
		{A9916AF9-0BA4-4E99-A3DC-DFC389DF5071}.Debug|Any CPU.Build.0 = Debug|Any CPU
		{A9916AF9-0BA4-4E99-A3DC-DFC389DF5071}.Release|Any CPU.ActiveCfg = Release|Any CPU
		{A9916AF9-0BA4-4E99-A3DC-DFC389DF5071}.Release|Any CPU.Build.0 = Release|Any CPU
		{0D3A4D31-E182-418C-9A01-0868FB5BC475}.Debug|Any CPU.ActiveCfg = Debug|Any CPU
		{0D3A4D31-E182-418C-9A01-0868FB5BC475}.Debug|Any CPU.Build.0 = Debug|Any CPU
		{0D3A4D31-E182-418C-9A01-0868FB5BC475}.Release|Any CPU.ActiveCfg = Release|Any CPU
		{0D3A4D31-E182-418C-9A01-0868FB5BC475}.Release|Any CPU.Build.0 = Release|Any CPU
		{E62E2357-9EF0-4A5C-9A04-84B440881120}.Debug|Any CPU.ActiveCfg = Debug|Any CPU
		{E62E2357-9EF0-4A5C-9A04-84B440881120}.Debug|Any CPU.Build.0 = Debug|Any CPU
		{E62E2357-9EF0-4A5C-9A04-84B440881120}.Release|Any CPU.ActiveCfg = Release|Any CPU
		{E62E2357-9EF0-4A5C-9A04-84B440881120}.Release|Any CPU.Build.0 = Release|Any CPU
		{1535A68E-A148-4CBE-8C8D-68E4A2B272A0}.Debug|Any CPU.ActiveCfg = Debug|Any CPU
		{1535A68E-A148-4CBE-8C8D-68E4A2B272A0}.Debug|Any CPU.Build.0 = Debug|Any CPU
		{1535A68E-A148-4CBE-8C8D-68E4A2B272A0}.Release|Any CPU.ActiveCfg = Release|Any CPU
		{1535A68E-A148-4CBE-8C8D-68E4A2B272A0}.Release|Any CPU.Build.0 = Release|Any CPU
		{85F4F9AB-83F0-4672-A624-379862359AAB}.Debug|Any CPU.ActiveCfg = Debug|Any CPU
		{85F4F9AB-83F0-4672-A624-379862359AAB}.Debug|Any CPU.Build.0 = Debug|Any CPU
		{85F4F9AB-83F0-4672-A624-379862359AAB}.Release|Any CPU.ActiveCfg = Release|Any CPU
		{85F4F9AB-83F0-4672-A624-379862359AAB}.Release|Any CPU.Build.0 = Release|Any CPU
		{D8A2192B-8F77-46FD-824F-C52C53327786}.Debug|Any CPU.ActiveCfg = Debug|Any CPU
		{D8A2192B-8F77-46FD-824F-C52C53327786}.Debug|Any CPU.Build.0 = Debug|Any CPU
		{D8A2192B-8F77-46FD-824F-C52C53327786}.Release|Any CPU.ActiveCfg = Release|Any CPU
		{D8A2192B-8F77-46FD-824F-C52C53327786}.Release|Any CPU.Build.0 = Release|Any CPU
		{99EF8257-3290-4877-98EB-BB445E193192}.Debug|Any CPU.ActiveCfg = Debug|Any CPU
		{99EF8257-3290-4877-98EB-BB445E193192}.Debug|Any CPU.Build.0 = Debug|Any CPU
		{99EF8257-3290-4877-98EB-BB445E193192}.Release|Any CPU.ActiveCfg = Release|Any CPU
		{99EF8257-3290-4877-98EB-BB445E193192}.Release|Any CPU.Build.0 = Release|Any CPU
		{4932175B-3C62-47AB-819E-FD22A18DEF9A}.Debug|Any CPU.ActiveCfg = Debug|Any CPU
		{4932175B-3C62-47AB-819E-FD22A18DEF9A}.Debug|Any CPU.Build.0 = Debug|Any CPU
		{4932175B-3C62-47AB-819E-FD22A18DEF9A}.Release|Any CPU.ActiveCfg = Release|Any CPU
		{4932175B-3C62-47AB-819E-FD22A18DEF9A}.Release|Any CPU.Build.0 = Release|Any CPU
	EndGlobalSection
	GlobalSection(SolutionProperties) = preSolution
		HideSolutionNode = FALSE
	EndGlobalSection
	GlobalSection(NestedProjects) = preSolution
		{FC44D97F-ACA2-490C-B10A-1CF6C8DE0F54} = {42B0AAF7-245C-47BE-86EB-08250E5ED2A4}
		{54DA6251-0371-4AD2-94D7-4C72185BE132} = {FB8F9610-4B7C-4E1E-A204-DC5E63EE367F}
		{C9952ACC-5F56-4147-A866-66738C9F6CB4} = {42B0AAF7-245C-47BE-86EB-08250E5ED2A4}
		{A9916AF9-0BA4-4E99-A3DC-DFC389DF5071} = {42B0AAF7-245C-47BE-86EB-08250E5ED2A4}
		{0D3A4D31-E182-418C-9A01-0868FB5BC475} = {42B0AAF7-245C-47BE-86EB-08250E5ED2A4}
		{E62E2357-9EF0-4A5C-9A04-84B440881120} = {42B0AAF7-245C-47BE-86EB-08250E5ED2A4}
		{1535A68E-A148-4CBE-8C8D-68E4A2B272A0} = {42B0AAF7-245C-47BE-86EB-08250E5ED2A4}
		{85F4F9AB-83F0-4672-A624-379862359AAB} = {42B0AAF7-245C-47BE-86EB-08250E5ED2A4}
		{D8A2192B-8F77-46FD-824F-C52C53327786} = {42B0AAF7-245C-47BE-86EB-08250E5ED2A4}
		{99EF8257-3290-4877-98EB-BB445E193192} = {42B0AAF7-245C-47BE-86EB-08250E5ED2A4}
		{4932175B-3C62-47AB-819E-FD22A18DEF9A} = {83957CA1-BCBE-4744-BDE7-D0EF877B99C3}
	EndGlobalSection
	GlobalSection(ExtensibilityGlobals) = postSolution
		SolutionGuid = {6D832FA5-EFAA-40C9-87B6-CED7BFBCD5AB}
	EndGlobalSection
EndGlobal
