
Microsoft Visual Studio Solution File, Format Version 12.00
# Visual Studio Version 17
VisualStudioVersion = 17.3.32929.385
MinimumVisualStudioVersion = 10.0.40219.1
Project("{9A19103F-16F7-4668-BE54-9A1E7A4F7556}") = "MauiIcons.Core", "MauiIcons.Core\MauiIcons.Core.csproj", "{FC44D97F-ACA2-490C-B10A-1CF6C8DE0F54}"
EndProject
Project("{9A19103F-16F7-4668-BE54-9A1E7A4F7556}") = "MauiIcons.Sample", "..\samples\MauiIcons.Sample\MauiIcons.Sample.csproj", "{54DA6251-0371-4AD2-94D7-4C72185BE132}"
EndProject
Project("{9A19103F-16F7-4668-BE54-9A1E7A4F7556}") = "MauiIcons.SegoeFluent", "MauiIcons.SegoeFluent\MauiIcons.SegoeFluent.csproj", "{C9952ACC-5F56-4147-A866-66738C9F6CB4}"
EndProject
Project("{9A19103F-16F7-4668-BE54-9A1E7A4F7556}") = "MauiIcons.Material", "MauiIcons.Material\MauiIcons.Material.csproj", "{A9916AF9-0BA4-4E99-A3DC-DFC389DF5071}"
EndProject
Project("{9A19103F-16F7-4668-BE54-9A1E7A4F7556}") = "MauiIcons.Fluent", "MauiIcons.Fluent\MauiIcons.Fluent.csproj", "{0D3A4D31-E182-418C-9A01-0868FB5BC475}"
EndProject
Project("{9A19103F-16F7-4668-BE54-9A1E7A4F7556}") = "MauiIcons.FluentFilled", "MauiIcons.FluentFilled\MauiIcons.FluentFilled.csproj", "{E62E2357-9EF0-4A5C-9A04-84B440881120}"
EndProject
Project("{FAE04EC0-301F-11D3-BF4B-00C04F79EFBC}") = "MauiIcons.Cupertino", "MauiIcons.Cupertino\MauiIcons.Cupertino.csproj", "{1535A68E-A148-4CBE-8C8D-68E4A2B272A0}"
EndProject
Global
	GlobalSection(SolutionConfigurationPlatforms) = preSolution
		Debug|Any CPU = Debug|Any CPU
		Release|Any CPU = Release|Any CPU
	EndGlobalSection
	GlobalSection(ProjectConfigurationPlatforms) = postSolution
		{FC44D97F-ACA2-490C-B10A-1CF6C8DE0F54}.Debug|Any CPU.ActiveCfg = Debug|Any CPU
		{FC44D97F-ACA2-490C-B10A-1CF6C8DE0F54}.Debug|Any CPU.Build.0 = Debug|Any CPU
		{FC44D97F-ACA2-490C-B10A-1CF6C8DE0F54}.Release|Any CPU.ActiveCfg = Release|Any CPU
		{FC44D97F-ACA2-490C-B10A-1CF6C8DE0F54}.Release|Any CPU.Build.0 = Release|Any CPU
		{54DA6251-0371-4AD2-94D7-4C72185BE132}.Debug|Any CPU.ActiveCfg = Debug|Any CPU
		{54DA6251-0371-4AD2-94D7-4C72185BE132}.Debug|Any CPU.Build.0 = Debug|Any CPU
		{54DA6251-0371-4AD2-94D7-4C72185BE132}.Debug|Any CPU.Deploy.0 = Debug|Any CPU
		{54DA6251-0371-4AD2-94D7-4C72185BE132}.Release|Any CPU.ActiveCfg = Release|Any CPU
		{54DA6251-0371-4AD2-94D7-4C72185BE132}.Release|Any CPU.Build.0 = Release|Any CPU
		{54DA6251-0371-4AD2-94D7-4C72185BE132}.Release|Any CPU.Deploy.0 = Release|Any CPU
		{C9952ACC-5F56-4147-A866-66738C9F6CB4}.Debug|Any CPU.ActiveCfg = Debug|Any CPU
		{C9952ACC-5F56-4147-A866-66738C9F6CB4}.Debug|Any CPU.Build.0 = Debug|Any CPU
		{C9952ACC-5F56-4147-A866-66738C9F6CB4}.Release|Any CPU.ActiveCfg = Release|Any CPU
		{C9952ACC-5F56-4147-A866-66738C9F6CB4}.Release|Any CPU.Build.0 = Release|Any CPU
		{A9916AF9-0BA4-4E99-A3DC-DFC389DF5071}.Debug|Any CPU.ActiveCfg = Debug|Any CPU
		{A9916AF9-0BA4-4E99-A3DC-DFC389DF5071}.Debug|Any CPU.Build.0 = Debug|Any CPU
		{A9916AF9-0BA4-4E99-A3DC-DFC389DF5071}.Release|Any CPU.ActiveCfg = Release|Any CPU
		{A9916AF9-0BA4-4E99-A3DC-DFC389DF5071}.Release|Any CPU.Build.0 = Release|Any CPU
		{0D3A4D31-E182-418C-9A01-0868FB5BC475}.Debug|Any CPU.ActiveCfg = Debug|Any CPU
		{0D3A4D31-E182-418C-9A01-0868FB5BC475}.Debug|Any CPU.Build.0 = Debug|Any CPU
		{0D3A4D31-E182-418C-9A01-0868FB5BC475}.Release|Any CPU.ActiveCfg = Release|Any CPU
		{0D3A4D31-E182-418C-9A01-0868FB5BC475}.Release|Any CPU.Build.0 = Release|Any CPU
		{E62E2357-9EF0-4A5C-9A04-84B440881120}.Debug|Any CPU.ActiveCfg = Debug|Any CPU
		{E62E2357-9EF0-4A5C-9A04-84B440881120}.Debug|Any CPU.Build.0 = Debug|Any CPU
		{E62E2357-9EF0-4A5C-9A04-84B440881120}.Release|Any CPU.ActiveCfg = Release|Any CPU
		{E62E2357-9EF0-4A5C-9A04-84B440881120}.Release|Any CPU.Build.0 = Release|Any CPU
		{1535A68E-A148-4CBE-8C8D-68E4A2B272A0}.Debug|Any CPU.ActiveCfg = Debug|Any CPU
		{1535A68E-A148-4CBE-8C8D-68E4A2B272A0}.Debug|Any CPU.Build.0 = Debug|Any CPU
		{1535A68E-A148-4CBE-8C8D-68E4A2B272A0}.Release|Any CPU.ActiveCfg = Release|Any CPU
		{1535A68E-A148-4CBE-8C8D-68E4A2B272A0}.Release|Any CPU.Build.0 = Release|Any CPU
	EndGlobalSection
	GlobalSection(SolutionProperties) = preSolution
		HideSolutionNode = FALSE
	EndGlobalSection
	GlobalSection(ExtensibilityGlobals) = postSolution
		SolutionGuid = {6D832FA5-EFAA-40C9-87B6-CED7BFBCD5AB}
	EndGlobalSection
EndGlobal
